// !$*UTF8*$!
{
	archiveVersion = 1;
	classes = {
	};
	objectVersion = 77;
	objects = {

/* Begin PBXContainerItemProxy section */
		A303CF0E2E1F754000C1C600 /* PBXContainerItemProxy */ = {
			isa = PBXContainerItemProxy;
			containerPortal = A303CEF72E1F753D00C1C600 /* Project object */;
			proxyType = 1;
			remoteGlobalIDString = A303CEFE2E1F753D00C1C600;
			remoteInfo = PDFViewer;
		};
		A303CF182E1F754000C1C600 /* PBXContainerItemProxy */ = {
			isa = PBXContainerItemProxy;
			containerPortal = A303CEF72E1F753D00C1C600 /* Project object */;
			proxyType = 1;
			remoteGlobalIDString = A303CEFE2E1F753D00C1C600;
			remoteInfo = PDFViewer;
		};
/* End PBXContainerItemProxy section */

/* Begin PBXFileReference section */
		A303CEFF2E1F753D00C1C600 /* PDFViewer.app */ = {isa = PBXFileReference; explicitFileType = wrapper.application; includeInIndex = 0; path = PDFViewer.app; sourceTree = BUILT_PRODUCTS_DIR; };
		A303CF0D2E1F754000C1C600 /* PDFViewerTests.xctest */ = {isa = PBXFileReference; explicitFileType = wrapper.cfbundle; includeInIndex = 0; path = PDFViewerTests.xctest; sourceTree = BUILT_PRODUCTS_DIR; };
		A303CF172E1F754000C1C600 /* PDFViewerUITests.xctest */ = {isa = PBXFileReference; explicitFileType = wrapper.cfbundle; includeInIndex = 0; path = PDFViewerUITests.xctest; sourceTree = BUILT_PRODUCTS_DIR; };
/* End PBXFileReference section */

/* Begin PBXFileSystemSynchronizedBuildFileExceptionSet section */
		A3F27EC72E1FA4C300C76828 /* Exceptions for "PDFViewer" folder in "PDFViewer" target */ = {
			isa = PBXFileSystemSynchronizedBuildFileExceptionSet;
			membershipExceptions = (
				Info.plist,
			);
			target = A303CEFE2E1F753D00C1C600 /* PDFViewer */;
		};
/* End PBXFileSystemSynchronizedBuildFileExceptionSet section */

/* Begin PBXFileSystemSynchronizedRootGroup section */
		A303CF012E1F753D00C1C600 /* PDFViewer */ = {
			isa = PBXFileSystemSynchronizedRootGroup;
			exceptions = (
				A3F27EC72E1FA4C300C76828 /* Exceptions for "PDFViewer" folder in "PDFViewer" target */,
			);
			path = PDFViewer;
			sourceTree = "<group>";
		};
		A303CF102E1F754000C1C600 /* PDFViewerTests */ = {
			isa = PBXFileSystemSynchronizedRootGroup;
			path = PDFViewerTests;
			sourceTree = "<group>";
		};
		A303CF1A2E1F754000C1C600 /* PDFViewerUITests */ = {
			isa = PBXFileSystemSynchronizedRootGroup;
			path = PDFViewerUITests;
			sourceTree = "<group>";
		};
/* End PBXFileSystemSynchronizedRootGroup section */

/* Begin PBXFrameworksBuildPhase section */
		A303CEFC2E1F753D00C1C600 /* Frameworks */ = {
			isa = PBXFrameworksBuildPhase;
			buildActionMask = 2147483647;
			files = (
			);
			runOnlyForDeploymentPostprocessing = 0;
		};
		A303CF0A2E1F754000C1C600 /* Frameworks */ = {
			isa = PBXFrameworksBuildPhase;
			buildActionMask = 2147483647;
			files = (
			);
			runOnlyForDeploymentPostprocessing = 0;
		};
		A303CF142E1F754000C1C600 /* Frameworks */ = {
			isa = PBXFrameworksBuildPhase;
			buildActionMask = 2147483647;
			files = (
			);
			runOnlyForDeploymentPostprocessing = 0;
		};
/* End PBXFrameworksBuildPhase section */

/* Begin PBXGroup section */
		A303CEF62E1F753D00C1C600 = {
			isa = PBXGroup;
			children = (
				A303CF012E1F753D00C1C600 /* PDFViewer */,
				A303CF102E1F754000C1C600 /* PDFViewerTests */,
				A303CF1A2E1F754000C1C600 /* PDFViewerUITests */,
				A303CF002E1F753D00C1C600 /* Products */,
			);
			sourceTree = "<group>";
		};
		A303CF002E1F753D00C1C600 /* Products */ = {
			isa = PBXGroup;
			children = (
				A303CEFF2E1F753D00C1C600 /* PDFViewer.app */,
				A303CF0D2E1F754000C1C600 /* PDFViewerTests.xctest */,
				A303CF172E1F754000C1C600 /* PDFViewerUITests.xctest */,
			);
			name = Products;
			sourceTree = "<group>";
		};
/* End PBXGroup section */

/* Begin PBXNativeTarget section */
		A303CEFE2E1F753D00C1C600 /* PDFViewer */ = {
			isa = PBXNativeTarget;
			buildConfigurationList = A303CF212E1F754000C1C600 /* Build configuration list for PBXNativeTarget "PDFViewer" */;
			buildPhases = (
				A303CEFB2E1F753D00C1C600 /* Sources */,
				A303CEFC2E1F753D00C1C600 /* Frameworks */,
				A303CEFD2E1F753D00C1C600 /* Resources */,
			);
			buildRules = (
			);
			dependencies = (
			);
			fileSystemSynchronizedGroups = (
				A303CF012E1F753D00C1C600 /* PDFViewer */,
			);
			name = PDFViewer;
			packageProductDependencies = (
			);
			productName = PDFViewer;
			productReference = A303CEFF2E1F753D00C1C600 /* PDFViewer.app */;
			productType = "com.apple.product-type.application";
		};
		A303CF0C2E1F754000C1C600 /* PDFViewerTests */ = {
			isa = PBXNativeTarget;
			buildConfigurationList = A303CF242E1F754000C1C600 /* Build configuration list for PBXNativeTarget "PDFViewerTests" */;
			buildPhases = (
				A303CF092E1F754000C1C600 /* Sources */,
				A303CF0A2E1F754000C1C600 /* Frameworks */,
				A303CF0B2E1F754000C1C600 /* Resources */,
			);
			buildRules = (
			);
			dependencies = (
				A303CF0F2E1F754000C1C600 /* PBXTargetDependency */,
			);
			fileSystemSynchronizedGroups = (
				A303CF102E1F754000C1C600 /* PDFViewerTests */,
			);
			name = PDFViewerTests;
			packageProductDependencies = (
			);
			productName = PDFViewerTests;
			productReference = A303CF0D2E1F754000C1C600 /* PDFViewerTests.xctest */;
			productType = "com.apple.product-type.bundle.unit-test";
		};
		A303CF162E1F754000C1C600 /* PDFViewerUITests */ = {
			isa = PBXNativeTarget;
			buildConfigurationList = A303CF272E1F754000C1C600 /* Build configuration list for PBXNativeTarget "PDFViewerUITests" */;
			buildPhases = (
				A303CF132E1F754000C1C600 /* Sources */,
				A303CF142E1F754000C1C600 /* Frameworks */,
				A303CF152E1F754000C1C600 /* Resources */,
			);
			buildRules = (
			);
			dependencies = (
				A303CF192E1F754000C1C600 /* PBXTargetDependency */,
			);
			fileSystemSynchronizedGroups = (
				A303CF1A2E1F754000C1C600 /* PDFViewerUITests */,
			);
			name = PDFViewerUITests;
			packageProductDependencies = (
			);
			productName = PDFViewerUITests;
			productReference = A303CF172E1F754000C1C600 /* PDFViewerUITests.xctest */;
			productType = "com.apple.product-type.bundle.ui-testing";
		};
/* End PBXNativeTarget section */

/* Begin PBXProject section */
		A303CEF72E1F753D00C1C600 /* Project object */ = {
			isa = PBXProject;
			attributes = {
				BuildIndependentTargetsInParallel = 1;
				LastSwiftUpdateCheck = 1630;
				LastUpgradeCheck = 1630;
				TargetAttributes = {
					A303CEFE2E1F753D00C1C600 = {
						CreatedOnToolsVersion = 16.3;
					};
					A303CF0C2E1F754000C1C600 = {
						CreatedOnToolsVersion = 16.3;
						TestTargetID = A303CEFE2E1F753D00C1C600;
					};
					A303CF162E1F754000C1C600 = {
						CreatedOnToolsVersion = 16.3;
						TestTargetID = A303CEFE2E1F753D00C1C600;
					};
				};
			};
			buildConfigurationList = A303CEFA2E1F753D00C1C600 /* Build configuration list for PBXProject "PDFViewer" */;
			developmentRegion = en;
			hasScannedForEncodings = 0;
			knownRegions = (
				en,
				Base,
			);
			mainGroup = A303CEF62E1F753D00C1C600;
			minimizedProjectReferenceProxies = 1;
			preferredProjectObjectVersion = 77;
			productRefGroup = A303CF002E1F753D00C1C600 /* Products */;
			projectDirPath = "";
			projectRoot = "";
			targets = (
				A303CEFE2E1F753D00C1C600 /* PDFViewer */,
				A303CF0C2E1F754000C1C600 /* PDFViewerTests */,
				A303CF162E1F754000C1C600 /* PDFViewerUITests */,
			);
		};
/* End PBXProject section */

/* Begin PBXResourcesBuildPhase section */
		A303CEFD2E1F753D00C1C600 /* Resources */ = {
			isa = PBXResourcesBuildPhase;
			buildActionMask = 2147483647;
			files = (
			);
			runOnlyForDeploymentPostprocessing = 0;
		};
		A303CF0B2E1F754000C1C600 /* Resources */ = {
			isa = PBXResourcesBuildPhase;
			buildActionMask = 2147483647;
			files = (
			);
			runOnlyForDeploymentPostprocessing = 0;
		};
		A303CF152E1F754000C1C600 /* Resources */ = {
			isa = PBXResourcesBuildPhase;
			buildActionMask = 2147483647;
			files = (
			);
			runOnlyForDeploymentPostprocessing = 0;
		};
/* End PBXResourcesBuildPhase section */

/* Begin PBXSourcesBuildPhase section */
		A303CEFB2E1F753D00C1C600 /* Sources */ = {
			isa = PBXSourcesBuildPhase;
			buildActionMask = 2147483647;
			files = (
			);
			runOnlyForDeploymentPostprocessing = 0;
		};
		A303CF092E1F754000C1C600 /* Sources */ = {
			isa = PBXSourcesBuildPhase;
			buildActionMask = 2147483647;
			files = (
			);
			runOnlyForDeploymentPostprocessing = 0;
		};
		A303CF132E1F754000C1C600 /* Sources */ = {
			isa = PBXSourcesBuildPhase;
			buildActionMask = 2147483647;
			files = (
			);
			runOnlyForDeploymentPostprocessing = 0;
		};
/* End PBXSourcesBuildPhase section */

/* Begin PBXTargetDependency section */
		A303CF0F2E1F754000C1C600 /* PBXTargetDependency */ = {
			isa = PBXTargetDependency;
			target = A303CEFE2E1F753D00C1C600 /* PDFViewer */;
			targetProxy = A303CF0E2E1F754000C1C600 /* PBXContainerItemProxy */;
		};
		A303CF192E1F754000C1C600 /* PBXTargetDependency */ = {
			isa = PBXTargetDependency;
			target = A303CEFE2E1F753D00C1C600 /* PDFViewer */;
			targetProxy = A303CF182E1F754000C1C600 /* PBXContainerItemProxy */;
		};
/* End PBXTargetDependency section */

/* Begin XCBuildConfiguration section */
		A303CF1F2E1F754000C1C600 /* Debug */ = {
			isa = XCBuildConfiguration;
			buildSettings = {
				ALWAYS_SEARCH_USER_PATHS = NO;
				ASSETCATALOG_COMPILER_GENERATE_SWIFT_ASSET_SYMBOL_EXTENSIONS = YES;
				CLANG_ANALYZER_NONNULL = YES;
				CLANG_ANALYZER_NUMBER_OBJECT_CONVERSION = YES_AGGRESSIVE;
				CLANG_CXX_LANGUAGE_STANDARD = "gnu++20";
				CLANG_ENABLE_MODULES = YES;
				CLANG_ENABLE_OBJC_ARC = YES;
				CLANG_ENABLE_OBJC_WEAK = YES;
				CLANG_WARN_BLOCK_CAPTURE_AUTORELEASING = YES;
				CLANG_WARN_BOOL_CONVERSION = YES;
				CLANG_WARN_COMMA = YES;
				CLANG_WARN_CONSTANT_CONVERSION = YES;
				CLANG_WARN_DEPRECATED_OBJC_IMPLEMENTATIONS = YES;
				CLANG_WARN_DIRECT_OBJC_ISA_USAGE = YES_ERROR;
				CLANG_WARN_DOCUMENTATION_COMMENTS = YES;
				CLANG_WARN_EMPTY_BODY = YES;
				CLANG_WARN_ENUM_CONVERSION = YES;
				CLANG_WARN_INFINITE_RECURSION = YES;
				CLANG_WARN_INT_CONVERSION = YES;
				CLANG_WARN_NON_LITERAL_NULL_CONVERSION = YES;
				CLANG_WARN_OBJC_IMPLICIT_RETAIN_SELF = YES;
				CLANG_WARN_OBJC_LITERAL_CONVERSION = YES;
				CLANG_WARN_OBJC_ROOT_CLASS = YES_ERROR;
				CLANG_WARN_QUOTED_INCLUDE_IN_FRAMEWORK_HEADER = YES;
				CLANG_WARN_RANGE_LOOP_ANALYSIS = YES;
				CLANG_WARN_STRICT_PROTOTYPES = YES;
				CLANG_WARN_SUSPICIOUS_MOVE = YES;
				CLANG_WARN_UNGUARDED_AVAILABILITY = YES_AGGRESSIVE;
				CLANG_WARN_UNREACHABLE_CODE = YES;
				CLANG_WARN__DUPLICATE_METHOD_MATCH = YES;
				COPY_PHASE_STRIP = NO;
				DEBUG_INFORMATION_FORMAT = dwarf;
				DEVELOPMENT_TEAM = G9Q937SQ59;
				ENABLE_STRICT_OBJC_MSGSEND = YES;
				ENABLE_TESTABILITY = YES;
				ENABLE_USER_SCRIPT_SANDBOXING = YES;
				GCC_C_LANGUAGE_STANDARD = gnu17;
				GCC_DYNAMIC_NO_PIC = NO;
				GCC_NO_COMMON_BLOCKS = YES;
				GCC_OPTIMIZATION_LEVEL = 0;
				GCC_PREPROCESSOR_DEFINITIONS = (
					"DEBUG=1",
					"$(inherited)",
				);
				GCC_WARN_64_TO_32_BIT_CONVERSION = YES;
				GCC_WARN_ABOUT_RETURN_TYPE = YES_ERROR;
				GCC_WARN_UNDECLARED_SELECTOR = YES;
				GCC_WARN_UNINITIALIZED_AUTOS = YES_AGGRESSIVE;
				GCC_WARN_UNUSED_FUNCTION = YES;
				GCC_WARN_UNUSED_VARIABLE = YES;
				IPHONEOS_DEPLOYMENT_TARGET = 17.5;
				LOCALIZATION_PREFERS_STRING_CATALOGS = YES;
				MACOSX_DEPLOYMENT_TARGET = 15.4;
				MTL_ENABLE_DEBUG_INFO = INCLUDE_SOURCE;
				MTL_FAST_MATH = YES;
				ONLY_ACTIVE_ARCH = YES;
				SDKROOT = iphoneos;
				SUPPORTED_PLATFORMS = "iphonesimulator iphoneos";
				SWIFT_ACTIVE_COMPILATION_CONDITIONS = "DEBUG $(inherited)";
				SWIFT_OPTIMIZATION_LEVEL = "-Onone";
				TARGETED_DEVICE_FAMILY = "1,2";
			};
			name = Debug;
		};
		A303CF202E1F754000C1C600 /* Release */ = {
			isa = XCBuildConfiguration;
			buildSettings = {
				ALWAYS_SEARCH_USER_PATHS = NO;
				ASSETCATALOG_COMPILER_GENERATE_SWIFT_ASSET_SYMBOL_EXTENSIONS = YES;
				CLANG_ANALYZER_NONNULL = YES;
				CLANG_ANALYZER_NUMBER_OBJECT_CONVERSION = YES_AGGRESSIVE;
				CLANG_CXX_LANGUAGE_STANDARD = "gnu++20";
				CLANG_ENABLE_MODULES = YES;
				CLANG_ENABLE_OBJC_ARC = YES;
				CLANG_ENABLE_OBJC_WEAK = YES;
				CLANG_WARN_BLOCK_CAPTURE_AUTORELEASING = YES;
				CLANG_WARN_BOOL_CONVERSION = YES;
				CLANG_WARN_COMMA = YES;
				CLANG_WARN_CONSTANT_CONVERSION = YES;
				CLANG_WARN_DEPRECATED_OBJC_IMPLEMENTATIONS = YES;
				CLANG_WARN_DIRECT_OBJC_ISA_USAGE = YES_ERROR;
				CLANG_WARN_DOCUMENTATION_COMMENTS = YES;
				CLANG_WARN_EMPTY_BODY = YES;
				CLANG_WARN_ENUM_CONVERSION = YES;
				CLANG_WARN_INFINITE_RECURSION = YES;
				CLANG_WARN_INT_CONVERSION = YES;
				CLANG_WARN_NON_LITERAL_NULL_CONVERSION = YES;
				CLANG_WARN_OBJC_IMPLICIT_RETAIN_SELF = YES;
				CLANG_WARN_OBJC_LITERAL_CONVERSION = YES;
				CLANG_WARN_OBJC_ROOT_CLASS = YES_ERROR;
				CLANG_WARN_QUOTED_INCLUDE_IN_FRAMEWORK_HEADER = YES;
				CLANG_WARN_RANGE_LOOP_ANALYSIS = YES;
				CLANG_WARN_STRICT_PROTOTYPES = YES;
				CLANG_WARN_SUSPICIOUS_MOVE = YES;
				CLANG_WARN_UNGUARDED_AVAILABILITY = YES_AGGRESSIVE;
				CLANG_WARN_UNREACHABLE_CODE = YES;
				CLANG_WARN__DUPLICATE_METHOD_MATCH = YES;
				COPY_PHASE_STRIP = NO;
				DEBUG_INFORMATION_FORMAT = "dwarf-with-dsym";
				DEVELOPMENT_TEAM = G9Q937SQ59;
				ENABLE_NS_ASSERTIONS = NO;
				ENABLE_STRICT_OBJC_MSGSEND = YES;
				ENABLE_USER_SCRIPT_SANDBOXING = YES;
				GCC_C_LANGUAGE_STANDARD = gnu17;
				GCC_NO_COMMON_BLOCKS = YES;
				GCC_WARN_64_TO_32_BIT_CONVERSION = YES;
				GCC_WARN_ABOUT_RETURN_TYPE = YES_ERROR;
				GCC_WARN_UNDECLARED_SELECTOR = YES;
				GCC_WARN_UNINITIALIZED_AUTOS = YES_AGGRESSIVE;
				GCC_WARN_UNUSED_FUNCTION = YES;
				GCC_WARN_UNUSED_VARIABLE = YES;
				IPHONEOS_DEPLOYMENT_TARGET = 17.5;
				LOCALIZATION_PREFERS_STRING_CATALOGS = YES;
				MACOSX_DEPLOYMENT_TARGET = 15.4;
				MTL_ENABLE_DEBUG_INFO = NO;
				MTL_FAST_MATH = YES;
				SDKROOT = iphoneos;
				SUPPORTED_PLATFORMS = "iphonesimulator iphoneos";
				SWIFT_COMPILATION_MODE = wholemodule;
				TARGETED_DEVICE_FAMILY = "1,2";
			};
			name = Release;
		};
		A303CF222E1F754000C1C600 /* Debug */ = {
			isa = XCBuildConfiguration;
			buildSettings = {
				ASSETCATALOG_COMPILER_APPICON_NAME = AppIcon;
				ASSETCATALOG_COMPILER_GLOBAL_ACCENT_COLOR_NAME = AccentColor;
				CODE_SIGN_ENTITLEMENTS = PDFViewer/PDFViewer.entitlements;
				CODE_SIGN_STYLE = Automatic;
				COMBINE_HIDPI_IMAGES = YES;
				CURRENT_PROJECT_VERSION = 1;
				DEVELOPMENT_TEAM = G9Q937SQ59;
				ENABLE_HARDENED_RUNTIME = YES;
				ENABLE_PREVIEWS = YES;
				GENERATE_INFOPLIST_FILE = YES;
				INFOPLIST_FILE = PDFViewer/Info.plist;
				INFOPLIST_KEY_LSApplicationCategoryType = "public.app-category.education";
				INFOPLIST_KEY_NSHumanReadableCopyright = "";
				LD_RUNPATH_SEARCH_PATHS = (
					"$(inherited)",
					"@executable_path/../Frameworks",
				);
				MARKETING_VERSION = 1.0;
				PRODUCT_BUNDLE_IDENTIFIER = steveyeh.PDFViewer;
				PRODUCT_NAME = "$(TARGET_NAME)";
				REGISTER_APP_GROUPS = YES;
				SWIFT_EMIT_LOC_STRINGS = YES;
				SWIFT_VERSION = 5.0;
			};
			name = Debug;
		};
		A303CF232E1F754000C1C600 /* Release */ = {
			isa = XCBuildConfiguration;
			buildSettings = {
				ASSETCATALOG_COMPILER_APPICON_NAME = AppIcon;
				ASSETCATALOG_COMPILER_GLOBAL_ACCENT_COLOR_NAME = AccentColor;
				CODE_SIGN_ENTITLEMENTS = PDFViewer/PDFViewer.entitlements;
				CODE_SIGN_STYLE = Automatic;
				COMBINE_HIDPI_IMAGES = YES;
				CURRENT_PROJECT_VERSION = 1;
				DEVELOPMENT_TEAM = G9Q937SQ59;
				ENABLE_HARDENED_RUNTIME = YES;
				ENABLE_PREVIEWS = YES;
				GENERATE_INFOPLIST_FILE = YES;
				INFOPLIST_FILE = PDFViewer/Info.plist;
				INFOPLIST_KEY_LSApplicationCategoryType = "public.app-category.education";
				INFOPLIST_KEY_NSHumanReadableCopyright = "";
				LD_RUNPATH_SEARCH_PATHS = (
					"$(inherited)",
					"@executable_path/../Frameworks",
				);
				MARKETING_VERSION = 1.0;
				PRODUCT_BUNDLE_IDENTIFIER = steveyeh.PDFViewer;
				PRODUCT_NAME = "$(TARGET_NAME)";
				REGISTER_APP_GROUPS = YES;
				SWIFT_EMIT_LOC_STRINGS = YES;
				SWIFT_VERSION = 5.0;
			};
			name = Release;
		};
		A303CF252E1F754000C1C600 /* Debug */ = {
			isa = XCBuildConfiguration;
			buildSettings = {
				BUNDLE_LOADER = "$(TEST_HOST)";
				CODE_SIGN_STYLE = Automatic;
				CURRENT_PROJECT_VERSION = 1;
				DEVELOPMENT_TEAM = G9Q937SQ59;
				GENERATE_INFOPLIST_FILE = YES;
				MACOSX_DEPLOYMENT_TARGET = 15.4;
				MARKETING_VERSION = 1.0;
				PRODUCT_BUNDLE_IDENTIFIER = steveyeh.PDFViewerTests;
				PRODUCT_NAME = "$(TARGET_NAME)";
				SWIFT_EMIT_LOC_STRINGS = NO;
				SWIFT_VERSION = 5.0;
				TEST_HOST = "$(BUILT_PRODUCTS_DIR)/PDFViewer.app/$(BUNDLE_EXECUTABLE_FOLDER_PATH)/PDFViewer";
			};
			name = Debug;
		};
		A303CF262E1F754000C1C600 /* Release */ = {
			isa = XCBuildConfiguration;
			buildSettings = {
				BUNDLE_LOADER = "$(TEST_HOST)";
				CODE_SIGN_STYLE = Automatic;
				CURRENT_PROJECT_VERSION = 1;
				DEVELOPMENT_TEAM = G9Q937SQ59;
				GENERATE_INFOPLIST_FILE = YES;
				MACOSX_DEPLOYMENT_TARGET = 15.4;
				MARKETING_VERSION = 1.0;
				PRODUCT_BUNDLE_IDENTIFIER = steveyeh.PDFViewerTests;
				PRODUCT_NAME = "$(TARGET_NAME)";
				SWIFT_EMIT_LOC_STRINGS = NO;
				SWIFT_VERSION = 5.0;
				TEST_HOST = "$(BUILT_PRODUCTS_DIR)/PDFViewer.app/$(BUNDLE_EXECUTABLE_FOLDER_PATH)/PDFViewer";
			};
			name = Release;
		};
		A303CF282E1F754000C1C600 /* Debug */ = {
			isa = XCBuildConfiguration;
			buildSettings = {
				CODE_SIGN_STYLE = Automatic;
				CURRENT_PROJECT_VERSION = 1;
				DEVELOPMENT_TEAM = G9Q937SQ59;
				GENERATE_INFOPLIST_FILE = YES;
				MARKETING_VERSION = 1.0;
				PRODUCT_BUNDLE_IDENTIFIER = steveyeh.PDFViewerUITests;
				PRODUCT_NAME = "$(TARGET_NAME)";
				SWIFT_EMIT_LOC_STRINGS = NO;
				SWIFT_VERSION = 5.0;
				TEST_TARGET_NAME = PDFViewer;
			};
			name = Debug;
		};
		A303CF292E1F754000C1C600 /* Release */ = {
			isa = XCBuildConfiguration;
			buildSettings = {
				CODE_SIGN_STYLE = Automatic;
				CURRENT_PROJECT_VERSION = 1;
				DEVELOPMENT_TEAM = G9Q937SQ59;
				GENERATE_INFOPLIST_FILE = YES;
				MARKETING_VERSION = 1.0;
				PRODUCT_BUNDLE_IDENTIFIER = steveyeh.PDFViewerUITests;
				PRODUCT_NAME = "$(TARGET_NAME)";
				SWIFT_EMIT_LOC_STRINGS = NO;
				SWIFT_VERSION = 5.0;
				TEST_TARGET_NAME = PDFViewer;
			};
			name = Release;
		};
/* End XCBuildConfiguration section */

/* Begin XCConfigurationList section */
		A303CEFA2E1F753D00C1C600 /* Build configuration list for PBXProject "PDFViewer" */ = {
			isa = XCConfigurationList;
			buildConfigurations = (
				A303CF1F2E1F754000C1C600 /* Debug */,
				A303CF202E1F754000C1C600 /* Release */,
			);
			defaultConfigurationIsVisible = 0;
			defaultConfigurationName = Release;
		};
		A303CF212E1F754000C1C600 /* Build configuration list for PBXNativeTarget "PDFViewer" */ = {
			isa = XCConfigurationList;
			buildConfigurations = (
				A303CF222E1F754000C1C600 /* Debug */,
				A303CF232E1F754000C1C600 /* Release */,
			);
			defaultConfigurationIsVisible = 0;
			defaultConfigurationName = Release;
		};
		A303CF242E1F754000C1C600 /* Build configuration list for PBXNativeTarget "PDFViewerTests" */ = {
			isa = XCConfigurationList;
			buildConfigurations = (
				A303CF252E1F754000C1C600 /* Debug */,
				A303CF262E1F754000C1C600 /* Release */,
			);
			defaultConfigurationIsVisible = 0;
			defaultConfigurationName = Release;
		};
		A303CF272E1F754000C1C600 /* Build configuration list for PBXNativeTarget "PDFViewerUITests" */ = {
			isa = XCConfigurationList;
			buildConfigurations = (
				A303CF282E1F754000C1C600 /* Debug */,
				A303CF292E1F754000C1C600 /* Release */,
			);
			defaultConfigurationIsVisible = 0;
			defaultConfigurationName = Release;
		};
/* End XCConfigurationList section */
	};
	rootObject = A303CEF72E1F753D00C1C600 /* Project object */;
}
